<?xml version="1.0" encoding="utf-8"?>
<Project ToolsVersion="4.0" xmlns="http://schemas.microsoft.com/developer/msbuild/2003">
  <ItemGroup>
    <Filter Include="源文件">
      <UniqueIdentifier>{4FC737F1-C7A5-4376-A066-2A32D752A2FF}</UniqueIdentifier>
      <Extensions>cpp;c;cc;cxx;c++;cppm;ixx;def;odl;idl;hpj;bat;asm;asmx</Extensions>
    </Filter>
    <Filter Include="头文件">
      <UniqueIdentifier>{93995380-89BD-4b04-88EB-625FBE52EBFB}</UniqueIdentifier>
      <Extensions>h;hh;hpp;hxx;h++;hm;inl;inc;ipp;xsd</Extensions>
    </Filter>
    <Filter Include="资源文件">
      <UniqueIdentifier>{67DA6AB6-F800-4c08-8B7A-83BB121AAD01}</UniqueIdentifier>
      <Extensions>rc;ico;cur;bmp;dlg;rc2;rct;bin;rgs;gif;jpg;jpeg;jpe;resx;tiff;tif;png;wav;mfcribbon-ms</Extensions>
    </Filter>
    <Filter Include="资源文件\images">
      <UniqueIdentifier>{94dd88da-80ef-40b2-9631-abbf8c510b93}</UniqueIdentifier>
    </Filter>
    <Filter Include="资源文件\json">
      <UniqueIdentifier>{f2221ed7-1b0f-47bc-8fbe-39b92fd63d56}</UniqueIdentifier>
    </Filter>
  </ItemGroup>
  <ItemGroup>
    <ClCompile Include="cApp.cpp">
      <Filter>源文件</Filter>
    </ClCompile>
    <ClCompile Include="cMain.cpp">
      <Filter>源文件</Filter>
    </ClCompile>
    <ClCompile Include="DrawBoard.cpp">
      <Filter>源文件</Filter>
    </ClCompile>
    <ClCompile Include="Shape.cpp">
      <Filter>源文件</Filter>
    </ClCompile>
    <ClCompile Include="..\json\jsoncpp.cpp">
      <Filter>资源文件\json</Filter>
    </ClCompile>
    <ClCompile Include="TextInputDialog.cpp">
      <Filter>源文件</Filter>
    </ClCompile>
  </ItemGroup>
  <ItemGroup>
    <ClInclude Include="cApp.h">
      <Filter>源文件</Filter>
    </ClInclude>
    <ClInclude Include="cMain.h">
      <Filter>源文件</Filter>
    </ClInclude>
    <ClInclude Include="DrawBoard.h">
      <Filter>源文件</Filter>
    </ClInclude>
    <ClInclude Include="resource.h">
      <Filter>头文件</Filter>
    </ClInclude>
    <ClInclude Include="Text.h">
      <Filter>源文件</Filter>
    </ClInclude>
    <ClInclude Include="TextInputDialog.h">
      <Filter>源文件</Filter>
    </ClInclude>
    <ClInclude Include="Shape.h">
      <Filter>源文件</Filter>
    </ClInclude>
    <ClInclude Include="..\json\json.h">
      <Filter>资源文件\json</Filter>
    </ClInclude>
    <ClInclude Include="..\json\json-forwards.h">
      <Filter>资源文件\json</Filter>
    </ClInclude>
    <ClInclude Include="wxSplitterWindow.h">
      <Filter>头文件</Filter>
    </ClInclude>
  </ItemGroup>
  <ItemGroup>
    <ResourceCompile Include="GUI.rc">
      <Filter>资源文件</Filter>
    </ResourceCompile>
  </ItemGroup>
  <ItemGroup>
    <Image Include="..\resource\image\drawLine.png">
      <Filter>资源文件\images</Filter>
    </Image>
    <Image Include="..\resource\image\insertText.png">
      <Filter>资源文件\images</Filter>
    </Image>
    <Image Include="..\resource\image\select.png">
      <Filter>资源文件\images</Filter>
    </Image>
  </ItemGroup>
  <ItemGroup>
    <None Include="GUI.APS" />
  </ItemGroup>
</Project>